
Microsoft Visual Studio Solution File, Format Version 12.00
# Visual Studio 14
VisualStudioVersion = 14.0.25420.1
MinimumVisualStudioVersion = 10.0.40219.1
Project("{2150E333-8FDC-42A3-9474-1A3956D46DE8}") = "src", "src", "{A81065DF-708B-47E1-A3DA-BFEA19BC8C60}"
EndProject
Project("{2150E333-8FDC-42A3-9474-1A3956D46DE8}") = "Solution Items", "Solution Items", "{D0812430-0678-4E60-B050-6D44C04BA465}"
	ProjectSection(SolutionItems) = preProject
		global.json = global.json
	EndProjectSection
EndProject
Project("{8BB2217D-0F2D-49D1-97BC-3654ED321F3B}") = "Budget.Api", "src\Budget.Api\Budget.Api.xproj", "{BFFD643C-EA3D-4E39-829C-737ED496C86A}"
EndProject
Project("{8BB2217D-0F2D-49D1-97BC-3654ED321F3B}") = "Budget.Id", "src\Budget.Id\Budget.Id.xproj", "{536C6E0C-597A-4060-AFA7-3F8F8B5B9E0B}"
EndProject
Global
	GlobalSection(SolutionConfigurationPlatforms) = preSolution
		Debug|Any CPU = Debug|Any CPU
		Release|Any CPU = Release|Any CPU
	EndGlobalSection
	GlobalSection(ProjectConfigurationPlatforms) = postSolution
		{BFFD643C-EA3D-4E39-829C-737ED496C86A}.Debug|Any CPU.ActiveCfg = Debug|Any CPU
		{BFFD643C-EA3D-4E39-829C-737ED496C86A}.Debug|Any CPU.Build.0 = Debug|Any CPU
		{BFFD643C-EA3D-4E39-829C-737ED496C86A}.Release|Any CPU.ActiveCfg = Release|Any CPU
		{BFFD643C-EA3D-4E39-829C-737ED496C86A}.Release|Any CPU.Build.0 = Release|Any CPU
		{536C6E0C-597A-4060-AFA7-3F8F8B5B9E0B}.Debug|Any CPU.ActiveCfg = Debug|Any CPU
		{536C6E0C-597A-4060-AFA7-3F8F8B5B9E0B}.Debug|Any CPU.Build.0 = Debug|Any CPU
		{536C6E0C-597A-4060-AFA7-3F8F8B5B9E0B}.Release|Any CPU.ActiveCfg = Release|Any CPU
		{536C6E0C-597A-4060-AFA7-3F8F8B5B9E0B}.Release|Any CPU.Build.0 = Release|Any CPU
	EndGlobalSection
	GlobalSection(SolutionProperties) = preSolution
		HideSolutionNode = FALSE
	EndGlobalSection
	GlobalSection(NestedProjects) = preSolution
		{BFFD643C-EA3D-4E39-829C-737ED496C86A} = {A81065DF-708B-47E1-A3DA-BFEA19BC8C60}
		{536C6E0C-597A-4060-AFA7-3F8F8B5B9E0B} = {A81065DF-708B-47E1-A3DA-BFEA19BC8C60}
	EndGlobalSection
EndGlobal
