
Microsoft Visual Studio Solution File, Format Version 12.00
# Visual Studio 15
VisualStudioVersion = 15.0.26114.2
MinimumVisualStudioVersion = 10.0.40219.1
Project("{2150E333-8FDC-42A3-9474-1A3956D46DE8}") = "src", "src", "{A81065DF-708B-47E1-A3DA-BFEA19BC8C60}"
EndProject
Project("{FAE04EC0-301F-11D3-BF4B-00C04F79EFBC}") = "Budget.Api", "src\Budget.Api\Budget.Api.csproj", "{BFFD643C-EA3D-4E39-829C-737ED496C86A}"
EndProject
Project("{FAE04EC0-301F-11D3-BF4B-00C04F79EFBC}") = "Budget.Id", "src\Budget.Id\Budget.Id.csproj", "{536C6E0C-597A-4060-AFA7-3F8F8B5B9E0B}"
EndProject
Project("{FAE04EC0-301F-11D3-BF4B-00C04F79EFBC}") = "Budget.Data", "src\Budget.Data\Budget.Data.csproj", "{DB75AA13-C039-4E19-B9C2-B435B176A6AF}"
EndProject
Project("{2150E333-8FDC-42A3-9474-1A3956D46DE8}") = "test", "test", "{3A22DA1C-DEF6-4676-A771-037F54394BB1}"
EndProject
Project("{FAE04EC0-301F-11D3-BF4B-00C04F79EFBC}") = "Budget.Api.Test", "test\Budget.Api.Test\Budget.Api.Test.csproj", "{278F2F53-8CED-4812-8C68-FC6500C0967C}"
EndProject
Global
	GlobalSection(SolutionConfigurationPlatforms) = preSolution
		Debug|Any CPU = Debug|Any CPU
		Release|Any CPU = Release|Any CPU
	EndGlobalSection
	GlobalSection(ProjectConfigurationPlatforms) = postSolution
		{BFFD643C-EA3D-4E39-829C-737ED496C86A}.Debug|Any CPU.ActiveCfg = Debug|Any CPU
		{BFFD643C-EA3D-4E39-829C-737ED496C86A}.Debug|Any CPU.Build.0 = Debug|Any CPU
		{BFFD643C-EA3D-4E39-829C-737ED496C86A}.Release|Any CPU.ActiveCfg = Release|Any CPU
		{BFFD643C-EA3D-4E39-829C-737ED496C86A}.Release|Any CPU.Build.0 = Release|Any CPU
		{536C6E0C-597A-4060-AFA7-3F8F8B5B9E0B}.Debug|Any CPU.ActiveCfg = Debug|Any CPU
		{536C6E0C-597A-4060-AFA7-3F8F8B5B9E0B}.Debug|Any CPU.Build.0 = Debug|Any CPU
		{536C6E0C-597A-4060-AFA7-3F8F8B5B9E0B}.Release|Any CPU.ActiveCfg = Release|Any CPU
		{536C6E0C-597A-4060-AFA7-3F8F8B5B9E0B}.Release|Any CPU.Build.0 = Release|Any CPU
		{DB75AA13-C039-4E19-B9C2-B435B176A6AF}.Debug|Any CPU.ActiveCfg = Debug|Any CPU
		{DB75AA13-C039-4E19-B9C2-B435B176A6AF}.Debug|Any CPU.Build.0 = Debug|Any CPU
		{DB75AA13-C039-4E19-B9C2-B435B176A6AF}.Release|Any CPU.ActiveCfg = Release|Any CPU
		{DB75AA13-C039-4E19-B9C2-B435B176A6AF}.Release|Any CPU.Build.0 = Release|Any CPU
		{278F2F53-8CED-4812-8C68-FC6500C0967C}.Debug|Any CPU.ActiveCfg = Debug|Any CPU
		{278F2F53-8CED-4812-8C68-FC6500C0967C}.Debug|Any CPU.Build.0 = Debug|Any CPU
		{278F2F53-8CED-4812-8C68-FC6500C0967C}.Release|Any CPU.ActiveCfg = Release|Any CPU
		{278F2F53-8CED-4812-8C68-FC6500C0967C}.Release|Any CPU.Build.0 = Release|Any CPU
	EndGlobalSection
	GlobalSection(SolutionProperties) = preSolution
		HideSolutionNode = FALSE
	EndGlobalSection
	GlobalSection(NestedProjects) = preSolution
		{BFFD643C-EA3D-4E39-829C-737ED496C86A} = {A81065DF-708B-47E1-A3DA-BFEA19BC8C60}
		{536C6E0C-597A-4060-AFA7-3F8F8B5B9E0B} = {A81065DF-708B-47E1-A3DA-BFEA19BC8C60}
		{DB75AA13-C039-4E19-B9C2-B435B176A6AF} = {A81065DF-708B-47E1-A3DA-BFEA19BC8C60}
		{278F2F53-8CED-4812-8C68-FC6500C0967C} = {3A22DA1C-DEF6-4676-A771-037F54394BB1}
	EndGlobalSection
EndGlobal
